
Microsoft Visual Studio Solution File, Format Version 12.00
# Visual Studio Version 16
VisualStudioVersion = 16.0.33529.622
MinimumVisualStudioVersion = 10.0.40219.1
Project("{8BC9CEB8-8B4A-11D0-8D11-00A0C91BC942}") = "cpp_lab", "cpp_lab.vcxproj", "{6C58FDDD-66ED-45A0-A324-4B463BD93A08}"
EndProject
Project("{8BC9CEB8-8B4A-11D0-8D11-00A0C91BC942}") = "sequential_read", "sequential_read\sequential_read.vcxproj", "{9428D4CC-85E7-45B2-AE7F-4E8C1EB98215}"
EndProject
Project("{8BC9CEB8-8B4A-11D0-8D11-00A0C91BC942}") = "db_read", "db_read\db_read.vcxproj", "{016D652B-C6F7-418A-B6B4-16A3A9AD675B}"
EndProject
Global
	GlobalSection(SolutionConfigurationPlatforms) = preSolution
		Debug|Any CPU = Debug|Any CPU
		Debug|x64 = Debug|x64
		Release|Any CPU = Release|Any CPU
		Release|x64 = Release|x64
	EndGlobalSection
	GlobalSection(ProjectConfigurationPlatforms) = postSolution
		{6C58FDDD-66ED-45A0-A324-4B463BD93A08}.Debug|Any CPU.ActiveCfg = Debug|x64
		{6C58FDDD-66ED-45A0-A324-4B463BD93A08}.Debug|x64.ActiveCfg = Debug|x64
		{6C58FDDD-66ED-45A0-A324-4B463BD93A08}.Debug|x64.Build.0 = Debug|x64
		{6C58FDDD-66ED-45A0-A324-4B463BD93A08}.Release|Any CPU.ActiveCfg = Release|x64
		{6C58FDDD-66ED-45A0-A324-4B463BD93A08}.Release|x64.ActiveCfg = Release|x64
		{6C58FDDD-66ED-45A0-A324-4B463BD93A08}.Release|x64.Build.0 = Release|x64
		{9428D4CC-85E7-45B2-AE7F-4E8C1EB98215}.Debug|Any CPU.ActiveCfg = Debug|x64
		{9428D4CC-85E7-45B2-AE7F-4E8C1EB98215}.Debug|x64.ActiveCfg = Debug|x64
		{9428D4CC-85E7-45B2-AE7F-4E8C1EB98215}.Debug|x64.Build.0 = Debug|x64
		{9428D4CC-85E7-45B2-AE7F-4E8C1EB98215}.Release|Any CPU.ActiveCfg = Release|x64
		{9428D4CC-85E7-45B2-AE7F-4E8C1EB98215}.Release|x64.ActiveCfg = Release|x64
		{9428D4CC-85E7-45B2-AE7F-4E8C1EB98215}.Release|x64.Build.0 = Release|x64
		{016D652B-C6F7-418A-B6B4-16A3A9AD675B}.Debug|Any CPU.ActiveCfg = Debug|x64
		{016D652B-C6F7-418A-B6B4-16A3A9AD675B}.Debug|x64.ActiveCfg = Debug|x64
		{016D652B-C6F7-418A-B6B4-16A3A9AD675B}.Debug|x64.Build.0 = Debug|x64
		{016D652B-C6F7-418A-B6B4-16A3A9AD675B}.Release|Any CPU.ActiveCfg = Release|x64
		{016D652B-C6F7-418A-B6B4-16A3A9AD675B}.Release|x64.ActiveCfg = Release|x64
		{016D652B-C6F7-418A-B6B4-16A3A9AD675B}.Release|x64.Build.0 = Release|x64
	EndGlobalSection
	GlobalSection(SolutionProperties) = preSolution
		HideSolutionNode = FALSE
	EndGlobalSection
	GlobalSection(ExtensibilityGlobals) = postSolution
		SolutionGuid = {54315CE6-1F7F-495C-A769-6778CF86F47C}
	EndGlobalSection
EndGlobal
