
Microsoft Visual Studio Solution File, Format Version 12.00
# Visual Studio 15
VisualStudioVersion = 15.0.28307.2092
MinimumVisualStudioVersion = 10.0.40219.1
Project("{8BC9CEB8-8B4A-11D0-8D11-00A0C91BC942}") = "cpp_lab", "cpp_lab.vcxproj", "{6C58FDDD-66ED-45A0-A324-4B463BD93A08}"
EndProject
Global
	GlobalSection(SolutionConfigurationPlatforms) = preSolution
		Debug|x64 = Debug|x64
		Release|x64 = Release|x64
	EndGlobalSection
	GlobalSection(ProjectConfigurationPlatforms) = postSolution
		{6C58FDDD-66ED-45A0-A324-4B463BD93A08}.Debug|x64.ActiveCfg = Debug|x64
		{6C58FDDD-66ED-45A0-A324-4B463BD93A08}.Debug|x64.Build.0 = Debug|x64
		{6C58FDDD-66ED-45A0-A324-4B463BD93A08}.Release|x64.ActiveCfg = Release|x64
		{6C58FDDD-66ED-45A0-A324-4B463BD93A08}.Release|x64.Build.0 = Release|x64
	EndGlobalSection
	GlobalSection(SolutionProperties) = preSolution
		HideSolutionNode = FALSE
	EndGlobalSection
	GlobalSection(ExtensibilityGlobals) = postSolution
		SolutionGuid = {54315CE6-1F7F-495C-A769-6778CF86F47C}
	EndGlobalSection
EndGlobal
